<?xml version="1.0" encoding="utf-8"?>
<Project ToolsVersion="4.0" xmlns="http://schemas.microsoft.com/developer/msbuild/2003">
  <ItemGroup>
    <Filter Include="소스 파일">
      <UniqueIdentifier>{4FC737F1-C7A5-4376-A066-2A32D752A2FF}</UniqueIdentifier>
      <Extensions>cpp;c;cc;cxx;c++;cppm;ixx;def;odl;idl;hpj;bat;asm;asmx</Extensions>
    </Filter>
    <Filter Include="헤더 파일">
      <UniqueIdentifier>{93995380-89BD-4b04-88EB-625FBE52EBFB}</UniqueIdentifier>
      <Extensions>h;hh;hpp;hxx;h++;hm;inl;inc;ipp;xsd</Extensions>
    </Filter>
    <Filter Include="리소스 파일">
      <UniqueIdentifier>{67DA6AB6-F800-4c08-8B7A-83BB121AAD01}</UniqueIdentifier>
      <Extensions>rc;ico;cur;bmp;dlg;rc2;rct;bin;rgs;gif;jpg;jpeg;jpe;resx;tiff;tif;png;wav;mfcribbon-ms</Extensions>
    </Filter>
    <Filter Include="NetContents">
      <UniqueIdentifier>{6cfa7d4c-3b2e-40d9-9735-d8d67e5486e8}</UniqueIdentifier>
    </Filter>
    <Filter Include="ClientSession">
      <UniqueIdentifier>{17340c9d-1f3c-4eff-afcb-36c4fe82fe9b}</UniqueIdentifier>
    </Filter>
    <Filter Include="Protocols">
      <UniqueIdentifier>{05362c4b-48d9-4088-be3a-a27229af1cb3}</UniqueIdentifier>
    </Filter>
    <Filter Include="Protocols\Protos">
      <UniqueIdentifier>{b2ba274e-6a2f-444b-a275-c5a0c6a2f551}</UniqueIdentifier>
    </Filter>
    <Filter Include="Protocols\Protocol">
      <UniqueIdentifier>{90fca81f-fa59-4af9-bcc4-7c5273f65241}</UniqueIdentifier>
    </Filter>
    <Filter Include="Utils">
      <UniqueIdentifier>{8842f407-ee83-4109-aee4-8771a71db2c1}</UniqueIdentifier>
    </Filter>
    <Filter Include="Utils\pch">
      <UniqueIdentifier>{cfe6c2f2-8c94-4ac4-a178-ffa2ba3424c5}</UniqueIdentifier>
    </Filter>
    <Filter Include="TRContents">
      <UniqueIdentifier>{856a4b7a-e90f-4b7e-aa20-247c691a4219}</UniqueIdentifier>
    </Filter>
    <Filter Include="Utils\struct">
      <UniqueIdentifier>{233c5a94-d5fc-437e-a038-6d5c177fe8cb}</UniqueIdentifier>
    </Filter>
    <Filter Include="Utils\func">
      <UniqueIdentifier>{5f4bc1c9-956c-434f-9f75-b0fdcf9dd701}</UniqueIdentifier>
    </Filter>
    <Filter Include="NetContents\TRWorldMgr">
      <UniqueIdentifier>{a1e19859-b087-4a15-8bcb-ac623d975627}</UniqueIdentifier>
    </Filter>
    <Filter Include="NetContents\TRWorldRoom">
      <UniqueIdentifier>{34bb017d-67e1-4e5c-a71d-73e9353cc457}</UniqueIdentifier>
    </Filter>
    <Filter Include="NetContents\Component">
      <UniqueIdentifier>{dd9ef62c-7d1c-4e29-8462-28e710f563fa}</UniqueIdentifier>
    </Filter>
    <Filter Include="NetContents\Object">
      <UniqueIdentifier>{102687f0-7feb-4094-a7cb-c78169d010fa}</UniqueIdentifier>
    </Filter>
    <Filter Include="NetContents\Component\CreatureComponent">
      <UniqueIdentifier>{ce98f288-7485-4c3a-b0dd-f59c7a0ec1ed}</UniqueIdentifier>
    </Filter>
    <Filter Include="NetContents\Factory">
      <UniqueIdentifier>{e9eb6dff-9562-4129-add8-23f814a93c56}</UniqueIdentifier>
    </Filter>
    <Filter Include="NetContents\Component\ItemComponent">
      <UniqueIdentifier>{70ee33f9-d1fb-4a33-9b29-07fabb75509c}</UniqueIdentifier>
    </Filter>
    <Filter Include="NetContents\CollisionChecker">
      <UniqueIdentifier>{15139976-7f56-445d-a497-9894a4c8f11f}</UniqueIdentifier>
    </Filter>
    <Filter Include="NetContents\EventHandler">
      <UniqueIdentifier>{8abcfef3-145b-4d9a-8c58-87d816b898ef}</UniqueIdentifier>
    </Filter>
    <Filter Include="NetContents\Component\BroadCaster">
      <UniqueIdentifier>{84c3eea3-fc30-4397-aab0-f67e10957abd}</UniqueIdentifier>
    </Filter>
  </ItemGroup>
  <ItemGroup>
    <ClCompile Include="main.cpp">
      <Filter>소스 파일</Filter>
    </ClCompile>
    <ClCompile Include="Libraries\Protocols\Enum.pb.cc">
      <Filter>Protocols\Protocol</Filter>
    </ClCompile>
    <ClCompile Include="Libraries\Protocols\Protocol.pb.cc">
      <Filter>Protocols\Protocol</Filter>
    </ClCompile>
    <ClCompile Include="Libraries\Protocols\Struct.pb.cc">
      <Filter>Protocols\Protocol</Filter>
    </ClCompile>
    <ClCompile Include="Libraries\Protocols\c2s_PacketHandler.cpp">
      <Filter>Protocols</Filter>
    </ClCompile>
    <ClCompile Include="ClientSession.cpp">
      <Filter>ClientSession</Filter>
    </ClCompile>
    <ClCompile Include="pch.cpp">
      <Filter>Utils\pch</Filter>
    </ClCompile>
    <ClCompile Include="TRTile.cpp">
      <Filter>TRContents</Filter>
    </ClCompile>
    <ClCompile Include="TRTileManager.cpp">
      <Filter>TRContents</Filter>
    </ClCompile>
    <ClCompile Include="TRTileMap.cpp">
      <Filter>TRContents</Filter>
    </ClCompile>
    <ClCompile Include="TRTileWall.cpp">
      <Filter>TRContents</Filter>
    </ClCompile>
    <ClCompile Include="TRWorld.cpp">
      <Filter>TRContents</Filter>
    </ClCompile>
    <ClCompile Include="TRWorldGeneration.cpp">
      <Filter>TRContents</Filter>
    </ClCompile>
    <ClCompile Include="TRWorldGenerationProcess.cpp">
      <Filter>TRContents</Filter>
    </ClCompile>
    <ClCompile Include="Vec2.cpp">
      <Filter>Utils\struct</Filter>
    </ClCompile>
    <ClCompile Include="Vec2Int.cpp">
      <Filter>Utils\struct</Filter>
    </ClCompile>
    <ClCompile Include="func.cpp">
      <Filter>Utils\func</Filter>
    </ClCompile>
    <ClCompile Include="TRWorldMgr.cpp">
      <Filter>NetContents\TRWorldMgr</Filter>
    </ClCompile>
    <ClCompile Include="TRWorldRoom.cpp">
      <Filter>NetContents\TRWorldRoom</Filter>
    </ClCompile>
    <ClCompile Include="Object.cpp">
      <Filter>NetContents\Object</Filter>
    </ClCompile>
    <ClCompile Include="Component.cpp">
      <Filter>NetContents\Component</Filter>
    </ClCompile>
    <ClCompile Include="PhysicsComponent.cpp">
      <Filter>NetContents\Component\CreatureComponent</Filter>
    </ClCompile>
    <ClCompile Include="CollisionHandler.cpp">
      <Filter>NetContents\Component\CreatureComponent</Filter>
    </ClCompile>
    <ClCompile Include="ObjectFactory.cpp">
      <Filter>NetContents\Factory</Filter>
    </ClCompile>
    <ClCompile Include="ItemComponent.cpp">
      <Filter>NetContents\Component\ItemComponent</Filter>
    </ClCompile>
    <ClCompile Include="CollisionChecker.cpp">
      <Filter>NetContents\CollisionChecker</Filter>
    </ClCompile>
    <ClCompile Include="BroadCaster.cpp">
      <Filter>NetContents\Component\BroadCaster</Filter>
    </ClCompile>
    <ClCompile Include="EventHandler.cpp">
      <Filter>NetContents\EventHandler</Filter>
    </ClCompile>
  </ItemGroup>
  <ItemGroup>
    <None Include="ServerCore\GenPackets\Enum.proto">
      <Filter>Protocols\Protos</Filter>
    </None>
    <None Include="ServerCore\GenPackets\Protocol.proto">
      <Filter>Protocols\Protos</Filter>
    </None>
    <None Include="ServerCore\GenPackets\Struct.proto">
      <Filter>Protocols\Protos</Filter>
    </None>
  </ItemGroup>
  <ItemGroup>
    <ClInclude Include="Libraries\Protocols\Enum.pb.h">
      <Filter>Protocols\Protocol</Filter>
    </ClInclude>
    <ClInclude Include="Libraries\Protocols\Protocol.pb.h">
      <Filter>Protocols\Protocol</Filter>
    </ClInclude>
    <ClInclude Include="Libraries\Protocols\Struct.pb.h">
      <Filter>Protocols\Protocol</Filter>
    </ClInclude>
    <ClInclude Include="Libraries\Protocols\c2s_PacketHandler.h">
      <Filter>Protocols</Filter>
    </ClInclude>
    <ClInclude Include="ClientSession.h">
      <Filter>ClientSession</Filter>
    </ClInclude>
    <ClInclude Include="pch.h">
      <Filter>Utils\pch</Filter>
    </ClInclude>
    <ClInclude Include="TRTile.h">
      <Filter>TRContents</Filter>
    </ClInclude>
    <ClInclude Include="TRTileManager.h">
      <Filter>TRContents</Filter>
    </ClInclude>
    <ClInclude Include="TRTileMap.h">
      <Filter>TRContents</Filter>
    </ClInclude>
    <ClInclude Include="TRTileWall.h">
      <Filter>TRContents</Filter>
    </ClInclude>
    <ClInclude Include="TRWorld.h">
      <Filter>TRContents</Filter>
    </ClInclude>
    <ClInclude Include="TRWorldGeneration.h">
      <Filter>TRContents</Filter>
    </ClInclude>
    <ClInclude Include="TRWorldGenerationProcess.h">
      <Filter>TRContents</Filter>
    </ClInclude>
    <ClInclude Include="Vec2.hpp">
      <Filter>Utils\struct</Filter>
    </ClInclude>
    <ClInclude Include="Vec2Int.hpp">
      <Filter>Utils\struct</Filter>
    </ClInclude>
    <ClInclude Include="Registry.hpp">
      <Filter>Utils\struct</Filter>
    </ClInclude>
    <ClInclude Include="SimpleMath.hpp">
      <Filter>Utils\struct</Filter>
    </ClInclude>
    <ClInclude Include="CustomMath.hpp">
      <Filter>Utils\struct</Filter>
    </ClInclude>
    <ClInclude Include="PerlinNoise.hpp">
      <Filter>Utils\struct</Filter>
    </ClInclude>
    <ClInclude Include="Vector2D.hpp">
      <Filter>Utils\struct</Filter>
    </ClInclude>
    <ClInclude Include="Vector3D.hpp">
      <Filter>Utils\struct</Filter>
    </ClInclude>
    <ClInclude Include="func.h">
      <Filter>Utils\func</Filter>
    </ClInclude>
    <ClInclude Include="define.h">
      <Filter>Utils</Filter>
    </ClInclude>
    <ClInclude Include="TRdefine.h">
      <Filter>Utils</Filter>
    </ClInclude>
    <ClInclude Include="TRWorldMgr.h">
      <Filter>NetContents\TRWorldMgr</Filter>
    </ClInclude>
    <ClInclude Include="TRWorldRoom.h">
      <Filter>NetContents\TRWorldRoom</Filter>
    </ClInclude>
    <ClInclude Include="Object.h">
      <Filter>NetContents\Object</Filter>
    </ClInclude>
    <ClInclude Include="Component.h">
      <Filter>NetContents\Component</Filter>
    </ClInclude>
    <ClInclude Include="PhysicsComponent.h">
      <Filter>NetContents\Component\CreatureComponent</Filter>
    </ClInclude>
    <ClInclude Include="CollisionHandler.h">
      <Filter>NetContents\Component\CreatureComponent</Filter>
    </ClInclude>
    <ClInclude Include="ObjectFactory.h">
      <Filter>NetContents\Factory</Filter>
    </ClInclude>
    <ClInclude Include="ItemComponent.h">
      <Filter>NetContents\Component\ItemComponent</Filter>
    </ClInclude>
    <ClInclude Include="CollisionChecker.h">
      <Filter>NetContents\CollisionChecker</Filter>
    </ClInclude>
    <ClInclude Include="BroadCaster.h">
      <Filter>NetContents\Component\BroadCaster</Filter>
    </ClInclude>
    <ClInclude Include="EventHandler.h">
      <Filter>NetContents\EventHandler</Filter>
    </ClInclude>
  </ItemGroup>
</Project>